Microsoft Visual Studio Solution File, Format Version 12.00
# Visual Studio Version 17
VisualStudioVersion = 17.5.2.0
MinimumVisualStudioVersion = 10.0.40219.1
Project("{FAE04EC0-301F-11D3-BF4B-00C04F79EFBC}") = "BattleGame.Functions", "BattleGame.Functions\BattleGame.Functions.csproj", "{169134CB-4BD4-B198-F3B5-F7A44A90941D}"
EndProject
Global
	GlobalSection(SolutionConfigurationPlatforms) = preSolution
		Debug|Any CPU = Debug|Any CPU
		Release|Any CPU = Release|Any CPU
	EndGlobalSection
	GlobalSection(ProjectConfigurationPlatforms) = postSolution
		{169134CB-4BD4-B198-F3B5-F7A44A90941D}.Debug|Any CPU.ActiveCfg = Debug|Any CPU
		{169134CB-4BD4-B198-F3B5-F7A44A90941D}.Debug|Any CPU.Build.0 = Debug|Any CPU
		{169134CB-4BD4-B198-F3B5-F7A44A90941D}.Release|Any CPU.ActiveCfg = Release|Any CPU
		{169134CB-4BD4-B198-F3B5-F7A44A90941D}.Release|Any CPU.Build.0 = Release|Any CPU
	EndGlobalSection
	GlobalSection(SolutionProperties) = preSolution
		HideSolutionNode = FALSE
	EndGlobalSection
	GlobalSection(ExtensibilityGlobals) = postSolution
		SolutionGuid = {E93C3FED-A078-4BBA-94D0-E9B5C43148B9}
	EndGlobalSection
EndGlobal
