Microsoft Visual Studio Solution File, Format Version 12.00
# Visual Studio Version 17
VisualStudioVersion = 17.5.2.0
MinimumVisualStudioVersion = 10.0.40219.1
Project("{FAE04EC0-301F-11D3-BF4B-00C04F79EFBC}") = "T2410E_SEM3_Test", "T2410E_SEM3_Test.csproj", "{65019F77-C7C2-6BB6-AB2A-BDDB9C82528F}"
EndProject
Global
	GlobalSection(SolutionConfigurationPlatforms) = preSolution
		Debug|Any CPU = Debug|Any CPU
		Release|Any CPU = Release|Any CPU
	EndGlobalSection
	GlobalSection(ProjectConfigurationPlatforms) = postSolution
		{65019F77-C7C2-6BB6-AB2A-BDDB9C82528F}.Debug|Any CPU.ActiveCfg = Debug|Any CPU
		{65019F77-C7C2-6BB6-AB2A-BDDB9C82528F}.Debug|Any CPU.Build.0 = Debug|Any CPU
		{65019F77-C7C2-6BB6-AB2A-BDDB9C82528F}.Release|Any CPU.ActiveCfg = Release|Any CPU
		{65019F77-C7C2-6BB6-AB2A-BDDB9C82528F}.Release|Any CPU.Build.0 = Release|Any CPU
	EndGlobalSection
	GlobalSection(SolutionProperties) = preSolution
		HideSolutionNode = FALSE
	EndGlobalSection
	GlobalSection(ExtensibilityGlobals) = postSolution
		SolutionGuid = {06EEF7C1-37DC-4114-88C9-37823F04950C}
	EndGlobalSection
EndGlobal
